
Microsoft Visual Studio Solution File, Format Version 12.00
# Visual Studio Version 16
VisualStudioVersion = 16.0.31025.194
MinimumVisualStudioVersion = 10.0.40219.1
Project("{FAE04EC0-301F-11D3-BF4B-00C04F79EFBC}") = "Kei.EventSourcing.AzureTableStorageEventStore", "Kei.EventSourcing.AzureTableStorageEventStore\Kei.EventSourcing.AzureTableStorageEventStore.csproj", "{C2B06599-5833-467D-9864-8B870C4A97AD}"
EndProject
Global
	GlobalSection(SolutionConfigurationPlatforms) = preSolution
		Debug|Any CPU = Debug|Any CPU
		Release|Any CPU = Release|Any CPU
	EndGlobalSection
	GlobalSection(ProjectConfigurationPlatforms) = postSolution
		{C2B06599-5833-467D-9864-8B870C4A97AD}.Debug|Any CPU.ActiveCfg = Debug|Any CPU
		{C2B06599-5833-467D-9864-8B870C4A97AD}.Debug|Any CPU.Build.0 = Debug|Any CPU
		{C2B06599-5833-467D-9864-8B870C4A97AD}.Release|Any CPU.ActiveCfg = Release|Any CPU
		{C2B06599-5833-467D-9864-8B870C4A97AD}.Release|Any CPU.Build.0 = Release|Any CPU
	EndGlobalSection
	GlobalSection(SolutionProperties) = preSolution
		HideSolutionNode = FALSE
	EndGlobalSection
	GlobalSection(ExtensibilityGlobals) = postSolution
		SolutionGuid = {BC33C5FB-B131-4358-AA2F-6FABC23D5AB4}
	EndGlobalSection
EndGlobal
